<?xml version="1.0" encoding="utf-8"?>
<Project ToolsVersion="4.0" xmlns="http://schemas.microsoft.com/developer/msbuild/2003">
  <ItemGroup>
    <Filter Include="Source Files">
      <UniqueIdentifier>{4FC737F1-C7A5-4376-A066-2A32D752A2FF}</UniqueIdentifier>
      <Extensions>cpp;c;cc;cxx;def;odl;idl;hpj;bat;asm;asmx</Extensions>
    </Filter>
    <Filter Include="Header Files">
      <UniqueIdentifier>{67DA6AB6-F800-4c08-8B7A-83BB121AAD01}</UniqueIdentifier>
      <Extensions>rc;ico;cur;bmp;dlg;rc2;rct;bin;rgs;gif;jpg;jpeg;jpe;resx;tiff;tif;png;wav;mfcribbon-ms</Extensions>
    </Filter>
    <Filter Include="Bison Flex">
      <UniqueIdentifier>{7c732696-785e-4398-8d3a-0048792219af}</UniqueIdentifier>
    </Filter>
    <Filter Include="Generated">
      <UniqueIdentifier>{5117ad89-4288-4d6e-ad71-5eb3ced3437c}</UniqueIdentifier>
    </Filter>
  </ItemGroup>
  <ItemGroup>
    <ClInclude Include="Header Files\lodepng.h">
      <Filter>Header Files</Filter>
    </ClInclude>
    <ClInclude Include="Header Files\image.h">
      <Filter>Header Files</Filter>
    </ClInclude>
    <ClInclude Include="Header Files\semantic.h">
      <Filter>Header Files</Filter>
    </ClInclude>
    <ClInclude Include="Generated\parser.tab.h">
      <Filter>Generated</Filter>
    </ClInclude>
    <ClInclude Include="Header Files\process.h">
      <Filter>Header Files</Filter>
    </ClInclude>
    <ClInclude Include="Header Files\idx.h">
      <Filter>Header Files</Filter>
    </ClInclude>
  </ItemGroup>
  <ItemGroup>
    <ClCompile Include="Source Files\lodepng.c">
      <Filter>Source Files</Filter>
    </ClCompile>
    <ClCompile Include="Source Files\main.c">
      <Filter>Source Files</Filter>
    </ClCompile>
    <ClCompile Include="Source Files\image.c">
      <Filter>Source Files</Filter>
    </ClCompile>
    <ClCompile Include="Source Files\semantic.c">
      <Filter>Source Files</Filter>
    </ClCompile>
    <ClCompile Include="Generated\lexer.c">
      <Filter>Generated</Filter>
    </ClCompile>
    <ClCompile Include="Generated\parser.tab.c">
      <Filter>Generated</Filter>
    </ClCompile>
    <ClCompile Include="Source Files\process.c">
      <Filter>Source Files</Filter>
    </ClCompile>
  </ItemGroup>
  <ItemGroup>
    <CustomBuild Include="Bison Flex\parser.y">
      <Filter>Bison Flex</Filter>
    </CustomBuild>
    <CustomBuild Include="Bison Flex\lexer.l">
      <Filter>Bison Flex</Filter>
    </CustomBuild>
  </ItemGroup>
</Project>